<?xml version="1.0" encoding="utf-8"?>
<Project ToolsVersion="4.0" xmlns="http://schemas.microsoft.com/developer/msbuild/2003">
  <ItemGroup>
    <Filter Include="Source Files">
      <UniqueIdentifier>{4FC737F1-C7A5-4376-A066-2A32D752A2FF}</UniqueIdentifier>
      <Extensions>cpp;c;cc;cxx;c++;cppm;ixx;def;odl;idl;hpj;bat;asm;asmx</Extensions>
    </Filter>
    <Filter Include="Header Files">
      <UniqueIdentifier>{93995380-89BD-4b04-88EB-625FBE52EBFB}</UniqueIdentifier>
      <Extensions>h;hh;hpp;hxx;h++;hm;inl;inc;ipp;xsd</Extensions>
    </Filter>
    <Filter Include="Resource Files">
      <UniqueIdentifier>{67DA6AB6-F800-4c08-8B7A-83BB121AAD01}</UniqueIdentifier>
      <Extensions>rc;ico;cur;bmp;dlg;rc2;rct;bin;rgs;gif;jpg;jpeg;jpe;resx;tiff;tif;png;wav;mfcribbon-ms</Extensions>
    </Filter>
    <Filter Include="Assets">
      <UniqueIdentifier>{b7310cf2-7561-4257-b924-b89346cb9e15}</UniqueIdentifier>
    </Filter>
    <Filter Include="SpaceGame">
      <UniqueIdentifier>{a1b2c3d4-0000-4000-8000-000000000001}</UniqueIdentifier>
    </Filter>
    <Filter Include="SpriteGame">
      <UniqueIdentifier>{a1b2c3d4-0000-4000-8000-000000000002}</UniqueIdentifier>
    </Filter>
    <Filter Include="Assets\SpriteGame">
      <UniqueIdentifier>{0bc8697b-dc6e-41b8-a598-ec7824a1afb2}</UniqueIdentifier>
    </Filter>
    <Filter Include="Assets\SpaceGame">
      <UniqueIdentifier>{be1262ee-f0e0-4d33-a5b5-7b3c506e21c1}</UniqueIdentifier>
    </Filter>
    <Filter Include="Assets\SpaceGame\Anim">
      <UniqueIdentifier>{ab04bcbd-42a1-46e3-b058-4c229189728c}</UniqueIdentifier>
    </Filter>
    <Filter Include="Assets\SpriteGame\Anim">
      <UniqueIdentifier>{282c5b48-1ae8-4954-97fc-2fcc3823d50f}</UniqueIdentifier>
    </Filter>
    <Filter Include="Assets\SpaceGame\Tilemap">
      <UniqueIdentifier>{f7c41d5c-dc47-4394-94be-6ee793fdbe23}</UniqueIdentifier>
    </Filter>
    <Filter Include="Assets\SpaceGame\Scene">
      <UniqueIdentifier>{aed022b1-f54e-49e7-a73d-7c7b99b87484}</UniqueIdentifier>
    </Filter>
    <Filter Include="Assets\SpriteGame\Scene">
      <UniqueIdentifier>{47e31929-5134-4f6e-b908-dd732c40436e}</UniqueIdentifier>
    </Filter>
    <Filter Include="Assets\SpriteGame\TileMap">
      <UniqueIdentifier>{46ffd0aa-12a7-4a4e-bdb6-935826c49925}</UniqueIdentifier>
    </Filter>
  </ItemGroup>
  <ItemGroup>
    <ClCompile Include="Game.cpp">
      <Filter>Source Files</Filter>
    </ClCompile>
    <ClCompile Include="Assets.cpp">
      <Filter>Source Files</Filter>
    </ClCompile>
    <ClCompile Include="SpriteGame\SpriteGame.cpp">
      <Filter>SpriteGame</Filter>
    </ClCompile>
    <ClCompile Include="SpaceGame\SpaceGame.cpp">
      <Filter>SpaceGame</Filter>
    </ClCompile>
    <ClCompile Include="SpaceGame\Player.cpp">
      <Filter>SpaceGame</Filter>
    </ClCompile>
    <ClCompile Include="SpaceGame\Enemy.cpp">
      <Filter>SpaceGame</Filter>
    </ClCompile>
    <ClCompile Include="SpaceGame\bullet.cpp">
      <Filter>SpaceGame</Filter>
    </ClCompile>
    <ClCompile Include="PlayerController.cpp">
      <Filter>SpriteGame</Filter>
    </ClCompile>
  </ItemGroup>
  <ItemGroup>
    <ClInclude Include="Assets.h">
      <Filter>Header Files</Filter>
    </ClInclude>
    <ClInclude Include="SpriteGame\SpriteGame.h">
      <Filter>SpriteGame</Filter>
    </ClInclude>
    <ClInclude Include="SpaceGame\SpaceGame.h">
      <Filter>SpaceGame</Filter>
    </ClInclude>
    <ClInclude Include="SpaceGame\Player.h">
      <Filter>SpaceGame</Filter>
    </ClInclude>
    <ClInclude Include="SpaceGame\Enemy.h">
      <Filter>SpaceGame</Filter>
    </ClInclude>
    <ClInclude Include="SpaceGame\bullet.h">
      <Filter>SpaceGame</Filter>
    </ClInclude>
    <ClInclude Include="PlayerController.h">
      <Filter>SpriteGame</Filter>
    </ClInclude>
  </ItemGroup>
</Project>